
Microsoft Visual Studio Solution File, Format Version 12.00
# Visual Studio Version 16
VisualStudioVersion = 16.0.31005.135
MinimumVisualStudioVersion = 10.0.40219.1
Project("{FAE04EC0-301F-11D3-BF4B-00C04F79EFBC}") = "Inzpera", "Inzpera.csproj", "{6A85E3EA-1589-4A4E-90F4-E3F9AC76C00F}"
EndProject
Global
	GlobalSection(SolutionConfigurationPlatforms) = preSolution
		Debug|Any CPU = Debug|Any CPU
		Release|Any CPU = Release|Any CPU
	EndGlobalSection
	GlobalSection(ProjectConfigurationPlatforms) = postSolution
		{6A85E3EA-1589-4A4E-90F4-E3F9AC76C00F}.Debug|Any CPU.ActiveCfg = Debug|Any CPU
		{6A85E3EA-1589-4A4E-90F4-E3F9AC76C00F}.Debug|Any CPU.Build.0 = Debug|Any CPU
		{6A85E3EA-1589-4A4E-90F4-E3F9AC76C00F}.Release|Any CPU.ActiveCfg = Release|Any CPU
		{6A85E3EA-1589-4A4E-90F4-E3F9AC76C00F}.Release|Any CPU.Build.0 = Release|Any CPU
	EndGlobalSection
	GlobalSection(SolutionProperties) = preSolution
		HideSolutionNode = FALSE
	EndGlobalSection
	GlobalSection(ExtensibilityGlobals) = postSolution
		SolutionGuid = {188DDC54-8D94-47AC-A5C1-A2D66D3B6DBC}
	EndGlobalSection
EndGlobal
